
Microsoft Visual Studio Solution File, Format Version 12.00
# Visual Studio 15
VisualStudioVersion = 15.0.28010.2036
MinimumVisualStudioVersion = 10.0.40219.1
Project("{FAE04EC0-301F-11D3-BF4B-00C04F79EFBC}") = "Imagein", "Imagein\Imagein.csproj", "{E186DE5B-F6AF-411D-96B3-50BD9F950905}"
EndProject
Global
	GlobalSection(SolutionConfigurationPlatforms) = preSolution
		Debug|Any CPU = Debug|Any CPU
		Release|Any CPU = Release|Any CPU
	EndGlobalSection
	GlobalSection(ProjectConfigurationPlatforms) = postSolution
		{E186DE5B-F6AF-411D-96B3-50BD9F950905}.Debug|Any CPU.ActiveCfg = Debug|Any CPU
		{E186DE5B-F6AF-411D-96B3-50BD9F950905}.Debug|Any CPU.Build.0 = Debug|Any CPU
		{E186DE5B-F6AF-411D-96B3-50BD9F950905}.Release|Any CPU.ActiveCfg = Release|Any CPU
		{E186DE5B-F6AF-411D-96B3-50BD9F950905}.Release|Any CPU.Build.0 = Release|Any CPU
	EndGlobalSection
	GlobalSection(SolutionProperties) = preSolution
		HideSolutionNode = FALSE
	EndGlobalSection
	GlobalSection(ExtensibilityGlobals) = postSolution
		SolutionGuid = {E374791B-0A8A-4128-8E11-F417922A9D4F}
	EndGlobalSection
EndGlobal
